// !$*UTF8*$!
{
	archiveVersion = 1;
	classes = {
	};
	objectVersion = 46;
	objects = {

/* Begin PBXBuildFile section */
		F5787D5B1E5B643300AA91ED /* main.cpp in Sources */ = {isa = PBXBuildFile; fileRef = F5787D5A1E5B643300AA91ED /* main.cpp */; };
		F58CE0011E5D563B007F5AF7 /* b.cpp in Sources */ = {isa = PBXBuildFile; fileRef = F58CDFFF1E5D563B007F5AF7 /* b.cpp */; };
/* End PBXBuildFile section */

/* Begin PBXCopyFilesBuildPhase section */
		F5787D551E5B643300AA91ED /* CopyFiles */ = {
			isa = PBXCopyFilesBuildPhase;
			buildActionMask = 2147483647;
			dstPath = /usr/share/man/man1/;
			dstSubfolderSpec = 0;
			files = (
			);
			runOnlyForDeploymentPostprocessing = 1;
		};
/* End PBXCopyFilesBuildPhase section */

/* Begin PBXFileReference section */
		F5787D571E5B643300AA91ED /* TourOfCpp */ = {isa = PBXFileReference; explicitFileType = "compiled.mach-o.executable"; includeInIndex = 0; path = TourOfCpp; sourceTree = BUILT_PRODUCTS_DIR; };
		F5787D5A1E5B643300AA91ED /* main.cpp */ = {isa = PBXFileReference; lastKnownFileType = sourcecode.cpp.cpp; path = main.cpp; sourceTree = "<group>"; };
		F58CDFFE1E5D5594007F5AF7 /* a.h */ = {isa = PBXFileReference; lastKnownFileType = sourcecode.c.h; path = a.h; sourceTree = "<group>"; };
		F58CDFFF1E5D563B007F5AF7 /* b.cpp */ = {isa = PBXFileReference; fileEncoding = 4; lastKnownFileType = sourcecode.cpp.cpp; path = b.cpp; sourceTree = "<group>"; };
/* End PBXFileReference section */

/* Begin PBXFrameworksBuildPhase section */
		F5787D541E5B643300AA91ED /* Frameworks */ = {
			isa = PBXFrameworksBuildPhase;
			buildActionMask = 2147483647;
			files = (
			);
			runOnlyForDeploymentPostprocessing = 0;
		};
/* End PBXFrameworksBuildPhase section */

/* Begin PBXGroup section */
		F5787D4E1E5B643300AA91ED = {
			isa = PBXGroup;
			children = (
				F5787D591E5B643300AA91ED /* TourOfCpp */,
				F5787D581E5B643300AA91ED /* Products */,
			);
			sourceTree = "<group>";
		};
		F5787D581E5B643300AA91ED /* Products */ = {
			isa = PBXGroup;
			children = (
				F5787D571E5B643300AA91ED /* TourOfCpp */,
			);
			name = Products;
			sourceTree = "<group>";
		};
		F5787D591E5B643300AA91ED /* TourOfCpp */ = {
			isa = PBXGroup;
			children = (
				F5787D5A1E5B643300AA91ED /* main.cpp */,
				F58CDFFE1E5D5594007F5AF7 /* a.h */,
				F58CDFFF1E5D563B007F5AF7 /* b.cpp */,
			);
			path = TourOfCpp;
			sourceTree = "<group>";
		};
/* End PBXGroup section */

/* Begin PBXNativeTarget section */
		F5787D561E5B643300AA91ED /* TourOfCpp */ = {
			isa = PBXNativeTarget;
			buildConfigurationList = F5787D5E1E5B643300AA91ED /* Build configuration list for PBXNativeTarget "TourOfCpp" */;
			buildPhases = (
				F5787D531E5B643300AA91ED /* Sources */,
				F5787D541E5B643300AA91ED /* Frameworks */,
				F5787D551E5B643300AA91ED /* CopyFiles */,
			);
			buildRules = (
			);
			dependencies = (
			);
			name = TourOfCpp;
			productName = TourOfCpp;
			productReference = F5787D571E5B643300AA91ED /* TourOfCpp */;
			productType = "com.apple.product-type.tool";
		};
/* End PBXNativeTarget section */

/* Begin PBXProject section */
		F5787D4F1E5B643300AA91ED /* Project object */ = {
			isa = PBXProject;
			attributes = {
				LastUpgradeCheck = 0730;
				ORGANIZATIONNAME = ragrawalAgrawal;
				TargetAttributes = {
					F5787D561E5B643300AA91ED = {
						CreatedOnToolsVersion = 7.3.1;
					};
				};
			};
			buildConfigurationList = F5787D521E5B643300AA91ED /* Build configuration list for PBXProject "TourOfCpp" */;
			compatibilityVersion = "Xcode 3.2";
			developmentRegion = English;
			hasScannedForEncodings = 0;
			knownRegions = (
				en,
			);
			mainGroup = F5787D4E1E5B643300AA91ED;
			productRefGroup = F5787D581E5B643300AA91ED /* Products */;
			projectDirPath = "";
			projectRoot = "";
			targets = (
				F5787D561E5B643300AA91ED /* TourOfCpp */,
			);
		};
/* End PBXProject section */

/* Begin PBXSourcesBuildPhase section */
		F5787D531E5B643300AA91ED /* Sources */ = {
			isa = PBXSourcesBuildPhase;
			buildActionMask = 2147483647;
			files = (
				F58CE0011E5D563B007F5AF7 /* b.cpp in Sources */,
				F5787D5B1E5B643300AA91ED /* main.cpp in Sources */,
			);
			runOnlyForDeploymentPostprocessing = 0;
		};
/* End PBXSourcesBuildPhase section */

/* Begin XCBuildConfiguration section */
		F5787D5C1E5B643300AA91ED /* Debug */ = {
			isa = XCBuildConfiguration;
			buildSettings = {
				ALWAYS_SEARCH_USER_PATHS = NO;
				CLANG_ANALYZER_NONNULL = YES;
				CLANG_CXX_LANGUAGE_STANDARD = "gnu++0x";
				CLANG_CXX_LIBRARY = "libc++";
				CLANG_ENABLE_MODULES = YES;
				CLANG_ENABLE_OBJC_ARC = YES;
				CLANG_WARN_BOOL_CONVERSION = YES;
				CLANG_WARN_CONSTANT_CONVERSION = YES;
				CLANG_WARN_DIRECT_OBJC_ISA_USAGE = YES_ERROR;
				CLANG_WARN_EMPTY_BODY = YES;
				CLANG_WARN_ENUM_CONVERSION = YES;
				CLANG_WARN_INT_CONVERSION = YES;
				CLANG_WARN_OBJC_ROOT_CLASS = YES_ERROR;
				CLANG_WARN_UNREACHABLE_CODE = YES;
				CLANG_WARN__DUPLICATE_METHOD_MATCH = YES;
				CODE_SIGN_IDENTITY = "-";
				COPY_PHASE_STRIP = NO;
				DEBUG_INFORMATION_FORMAT = dwarf;
				ENABLE_STRICT_OBJC_MSGSEND = YES;
				ENABLE_TESTABILITY = YES;
				GCC_C_LANGUAGE_STANDARD = gnu99;
				GCC_DYNAMIC_NO_PIC = NO;
				GCC_NO_COMMON_BLOCKS = YES;
				GCC_OPTIMIZATION_LEVEL = 0;
				GCC_PREPROCESSOR_DEFINITIONS = (
					"DEBUG=1",
					"$(inherited)",
				);
				GCC_WARN_64_TO_32_BIT_CONVERSION = YES;
				GCC_WARN_ABOUT_RETURN_TYPE = YES_ERROR;
				GCC_WARN_UNDECLARED_SELECTOR = YES;
				GCC_WARN_UNINITIALIZED_AUTOS = YES_AGGRESSIVE;
				GCC_WARN_UNUSED_FUNCTION = YES;
				GCC_WARN_UNUSED_VARIABLE = YES;
				MACOSX_DEPLOYMENT_TARGET = 10.12;
				MTL_ENABLE_DEBUG_INFO = YES;
				ONLY_ACTIVE_ARCH = YES;
				SDKROOT = macosx;
			};
			name = Debug;
		};
		F5787D5D1E5B643300AA91ED /* Release */ = {
			isa = XCBuildConfiguration;
			buildSettings = {
				ALWAYS_SEARCH_USER_PATHS = NO;
				CLANG_ANALYZER_NONNULL = YES;
				CLANG_CXX_LANGUAGE_STANDARD = "gnu++0x";
				CLANG_CXX_LIBRARY = "libc++";
				CLANG_ENABLE_MODULES = YES;
				CLANG_ENABLE_OBJC_ARC = YES;
				CLANG_WARN_BOOL_CONVERSION = YES;
				CLANG_WARN_CONSTANT_CONVERSION = YES;
				CLANG_WARN_DIRECT_OBJC_ISA_USAGE = YES_ERROR;
				CLANG_WARN_EMPTY_BODY = YES;
				CLANG_WARN_ENUM_CONVERSION = YES;
				CLANG_WARN_INT_CONVERSION = YES;
				CLANG_WARN_OBJC_ROOT_CLASS = YES_ERROR;
				CLANG_WARN_UNREACHABLE_CODE = YES;
				CLANG_WARN__DUPLICATE_METHOD_MATCH = YES;
				CODE_SIGN_IDENTITY = "-";
				COPY_PHASE_STRIP = NO;
				DEBUG_INFORMATION_FORMAT = "dwarf-with-dsym";
				ENABLE_NS_ASSERTIONS = NO;
				ENABLE_STRICT_OBJC_MSGSEND = YES;
				GCC_C_LANGUAGE_STANDARD = gnu99;
				GCC_NO_COMMON_BLOCKS = YES;
				GCC_WARN_64_TO_32_BIT_CONVERSION = YES;
				GCC_WARN_ABOUT_RETURN_TYPE = YES_ERROR;
				GCC_WARN_UNDECLARED_SELECTOR = YES;
				GCC_WARN_UNINITIALIZED_AUTOS = YES_AGGRESSIVE;
				GCC_WARN_UNUSED_FUNCTION = YES;
				GCC_WARN_UNUSED_VARIABLE = YES;
				MACOSX_DEPLOYMENT_TARGET = 10.12;
				MTL_ENABLE_DEBUG_INFO = NO;
				SDKROOT = macosx;
			};
			name = Release;
		};
		F5787D5F1E5B643300AA91ED /* Debug */ = {
			isa = XCBuildConfiguration;
			buildSettings = {
				PRODUCT_NAME = "$(TARGET_NAME)";
			};
			name = Debug;
		};
		F5787D601E5B643300AA91ED /* Release */ = {
			isa = XCBuildConfiguration;
			buildSettings = {
				PRODUCT_NAME = "$(TARGET_NAME)";
			};
			name = Release;
		};
/* End XCBuildConfiguration section */

/* Begin XCConfigurationList section */
		F5787D521E5B643300AA91ED /* Build configuration list for PBXProject "TourOfCpp" */ = {
			isa = XCConfigurationList;
			buildConfigurations = (
				F5787D5C1E5B643300AA91ED /* Debug */,
				F5787D5D1E5B643300AA91ED /* Release */,
			);
			defaultConfigurationIsVisible = 0;
			defaultConfigurationName = Release;
		};
		F5787D5E1E5B643300AA91ED /* Build configuration list for PBXNativeTarget "TourOfCpp" */ = {
			isa = XCConfigurationList;
			buildConfigurations = (
				F5787D5F1E5B643300AA91ED /* Debug */,
				F5787D601E5B643300AA91ED /* Release */,
			);
			defaultConfigurationIsVisible = 0;
			defaultConfigurationName = Release;
		};
/* End XCConfigurationList section */
	};
	rootObject = F5787D4F1E5B643300AA91ED /* Project object */;
}
